{
  "name": "docker-deployment",
  "version": "1.0.0",
  "lockfileVersion": 3,
  "requires": true,
  "packages": {
    "": {
      "name": "docker-deployment",
      "version": "1.0.0",
      "license": "ISC",
      "devDependencies": {
        "@logto/react": "^2.1.1"
      }
    },
    "node_modules/@logto/browser": {
      "version": "2.1.1",
      "resolved": "https://registry.npmjs.org/@logto/browser/-/browser-2.1.1.tgz",
      "integrity": "sha512-lxh2ShyM93XrKMAJXboytaklsNjGup59vQC6z+ECCbkvUEeVrThjgjrqs26opf7xya3G91Mr+yyLSxXiE02QOQ==",
      "dev": true,
      "dependencies": {
        "@logto/client": "^2.2.2",
        "@silverhand/essentials": "^2.6.2",
        "js-base64": "^3.7.4"
      }
    },
    "node_modules/@logto/client": {
      "version": "2.2.2",
      "resolved": "https://registry.npmjs.org/@logto/client/-/client-2.2.2.tgz",
      "integrity": "sha512-dx3i6qt+3o0IC8LFifSU7AIe+cU3P8gvlXdAPI/bAxb0GVqB05fpsRd+GTnt2gCwq4FcSPYiicIU0Y3MF6afOg==",
      "dev": true,
      "dependencies": {
        "@logto/js": "^2.1.2",
        "@silverhand/essentials": "^2.6.2",
        "camelcase-keys": "^7.0.1",
        "jose": "^4.13.2"
      }
    },
    "node_modules/@logto/js": {
      "version": "2.1.2",
      "resolved": "https://registry.npmjs.org/@logto/js/-/js-2.1.2.tgz",
      "integrity": "sha512-A3GC85ru41A3gOz0DIJDCA/O1VyigD8v9BR0YDkOQLDeUzT09oEuI8qeX5deIbjSPtTvZLNMbBIiilVdynQtFQ==",
      "dev": true,
      "dependencies": {
        "@silverhand/essentials": "^2.6.2",
        "camelcase-keys": "^7.0.1",
        "jose": "^4.13.2"
      }
    },
    "node_modules/@logto/react": {
      "version": "2.1.1",
      "resolved": "https://registry.npmjs.org/@logto/react/-/react-2.1.1.tgz",
      "integrity": "sha512-/Z/jT91DDSgsQhKoUo4bvToHzJUu3V6mVsLFmc6gKdcj+qEf583gUNbjEnPQRscUYDsbggzSXgS5RLy74kJLCg==",
      "dev": true,
      "dependencies": {
        "@logto/browser": "^2.1.0",
        "@silverhand/essentials": "^2.6.2"
      },
      "peerDependencies": {
        "react": ">=16.8.0"
      }
    },
    "node_modules/@silverhand/essentials": {
      "version": "2.8.2",
      "resolved": "https://registry.npmjs.org/@silverhand/essentials/-/essentials-2.8.2.tgz",
      "integrity": "sha512-mrXzAQ6ZGyLoKQpfEOr/LmbQL7FIurVsBaymnsQyKNV56bFYCv5M+2irsAKROtmLMgSunAU/10XiDIaEYW9tbA==",
      "dev": true,
      "engines": {
        "node": "^16.13.0 || ^18.12.0 || ^19.2.0",
        "pnpm": "^8.0.0"
      }
    },
    "node_modules/camelcase": {
      "version": "6.3.0",
      "resolved": "https://registry.npmjs.org/camelcase/-/camelcase-6.3.0.tgz",
      "integrity": "sha512-Gmy6FhYlCY7uOElZUSbxo2UCDH8owEk996gkbrpsgGtrJLM3J7jGxl9Ic7Qwwj4ivOE5AWZWRMecDdF7hqGjFA==",
      "dev": true,
      "engines": {
        "node": ">=10"
      },
      "funding": {
        "url": "https://github.com/sponsors/sindresorhus"
      }
    },
    "node_modules/camelcase-keys": {
      "version": "7.0.2",
      "resolved": "https://registry.npmjs.org/camelcase-keys/-/camelcase-keys-7.0.2.tgz",
      "integrity": "sha512-Rjs1H+A9R+Ig+4E/9oyB66UC5Mj9Xq3N//vcLf2WzgdTi/3gUu3Z9KoqmlrEG4VuuLK8wJHofxzdQXz/knhiYg==",
      "dev": true,
      "dependencies": {
        "camelcase": "^6.3.0",
        "map-obj": "^4.1.0",
        "quick-lru": "^5.1.1",
        "type-fest": "^1.2.1"
      },
      "engines": {
        "node": ">=12"
      },
      "funding": {
        "url": "https://github.com/sponsors/sindresorhus"
      }
    },
    "node_modules/jose": {
      "version": "4.14.4",
      "resolved": "https://registry.npmjs.org/jose/-/jose-4.14.4.tgz",
      "integrity": "sha512-j8GhLiKmUAh+dsFXlX1aJCbt5KMibuKb+d7j1JaOJG6s2UjX1PQlW+OKB/sD4a/5ZYF4RcmYmLSndOoU3Lt/3g==",
      "dev": true,
      "funding": {
        "url": "https://github.com/sponsors/panva"
      }
    },
    "node_modules/js-base64": {
      "version": "3.7.5",
      "resolved": "https://registry.npmjs.org/js-base64/-/js-base64-3.7.5.tgz",
      "integrity": "sha512-3MEt5DTINKqfScXKfJFrRbxkrnk2AxPWGBL/ycjz4dK8iqiSJ06UxD8jh8xuh6p10TX4t2+7FsBYVxxQbMg+qA==",
      "dev": true
    },
    "node_modules/js-tokens": {
      "version": "4.0.0",
      "resolved": "https://registry.npmjs.org/js-tokens/-/js-tokens-4.0.0.tgz",
      "integrity": "sha512-RdJUflcE3cUzKiMqQgsCu06FPu9UdIJO0beYbPhHN4k6apgJtifcoCtT9bcxOpYBtpD2kCM6Sbzg4CausW/PKQ==",
      "dev": true,
      "peer": true
    },
    "node_modules/loose-envify": {
      "version": "1.4.0",
      "resolved": "https://registry.npmjs.org/loose-envify/-/loose-envify-1.4.0.tgz",
      "integrity": "sha512-lyuxPGr/Wfhrlem2CL/UcnUc1zcqKAImBDzukY7Y5F/yQiNdko6+fRLevlw1HgMySw7f611UIY408EtxRSoK3Q==",
      "dev": true,
      "peer": true,
      "dependencies": {
        "js-tokens": "^3.0.0 || ^4.0.0"
      },
      "bin": {
        "loose-envify": "cli.js"
      }
    },
    "node_modules/map-obj": {
      "version": "4.3.0",
      "resolved": "https://registry.npmjs.org/map-obj/-/map-obj-4.3.0.tgz",
      "integrity": "sha512-hdN1wVrZbb29eBGiGjJbeP8JbKjq1urkHJ/LIP/NY48MZ1QVXUsQBV1G1zvYFHn1XE06cwjBsOI2K3Ulnj1YXQ==",
      "dev": true,
      "engines": {
        "node": ">=8"
      },
      "funding": {
        "url": "https://github.com/sponsors/sindresorhus"
      }
    },
    "node_modules/quick-lru": {
      "version": "5.1.1",
      "resolved": "https://registry.npmjs.org/quick-lru/-/quick-lru-5.1.1.tgz",
      "integrity": "sha512-WuyALRjWPDGtt/wzJiadO5AXY+8hZ80hVpe6MyivgraREW751X3SbhRvG3eLKOYN+8VEvqLcf3wdnt44Z4S4SA==",
      "dev": true,
      "engines": {
        "node": ">=10"
      },
      "funding": {
        "url": "https://github.com/sponsors/sindresorhus"
      }
    },
    "node_modules/react": {
      "version": "18.2.0",
      "resolved": "https://registry.npmjs.org/react/-/react-18.2.0.tgz",
      "integrity": "sha512-/3IjMdb2L9QbBdWiW5e3P2/npwMBaU9mHCSCUzNln0ZCYbcfTsGbTJrU/kGemdH2IWmB2ioZ+zkxtmq6g09fGQ==",
      "dev": true,
      "peer": true,
      "dependencies": {
        "loose-envify": "^1.1.0"
      },
      "engines": {
        "node": ">=0.10.0"
      }
    },
    "node_modules/type-fest": {
      "version": "1.4.0",
      "resolved": "https://registry.npmjs.org/type-fest/-/type-fest-1.4.0.tgz",
      "integrity": "sha512-yGSza74xk0UG8k+pLh5oeoYirvIiWo5t0/o3zHHAO2tRDiZcxWP7fywNlXhqb6/r6sWvwi+RsyQMWhVLe4BVuA==",
      "dev": true,
      "engines": {
        "node": ">=10"
      },
      "funding": {
        "url": "https://github.com/sponsors/sindresorhus"
      }
    }
  }
}
